
Microsoft Visual Studio Solution File, Format Version 12.00
# Visual Studio Version 17
VisualStudioVersion = 17.3.32922.545
MinimumVisualStudioVersion = 10.0.40219.1
Project("{FAE04EC0-301F-11D3-BF4B-00C04F79EFBC}") = "RP88 software sad", "RP88 software sad\RP88 software sad.csproj", "{24F5616C-615B-443C-8E37-DB2657253FA7}"
EndProject
Global
	GlobalSection(SolutionConfigurationPlatforms) = preSolution
		Debug|Any CPU = Debug|Any CPU
		Release|Any CPU = Release|Any CPU
	EndGlobalSection
	GlobalSection(ProjectConfigurationPlatforms) = postSolution
		{24F5616C-615B-443C-8E37-DB2657253FA7}.Debug|Any CPU.ActiveCfg = Debug|Any CPU
		{24F5616C-615B-443C-8E37-DB2657253FA7}.Debug|Any CPU.Build.0 = Debug|Any CPU
		{24F5616C-615B-443C-8E37-DB2657253FA7}.Release|Any CPU.ActiveCfg = Release|Any CPU
		{24F5616C-615B-443C-8E37-DB2657253FA7}.Release|Any CPU.Build.0 = Release|Any CPU
	EndGlobalSection
	GlobalSection(SolutionProperties) = preSolution
		HideSolutionNode = FALSE
	EndGlobalSection
	GlobalSection(ExtensibilityGlobals) = postSolution
		SolutionGuid = {22330648-4283-4C0E-97BA-4D65FBAD0F34}
	EndGlobalSection
EndGlobal
